
Microsoft Visual Studio Solution File, Format Version 12.00
# Visual Studio 15
VisualStudioVersion = 15.0.27004.2009
MinimumVisualStudioVersion = 10.0.40219.1
Project("{FAE04EC0-301F-11D3-BF4B-00C04F79EFBC}") = "OVSDownloader-GUI", "OVSDownloader-GUI\OVSDownloader-GUI.csproj", "{9E68A691-C815-42A0-89C0-FF8120645410}"
EndProject
Global
	GlobalSection(SolutionConfigurationPlatforms) = preSolution
		Debug|Any CPU = Debug|Any CPU
		Release|Any CPU = Release|Any CPU
	EndGlobalSection
	GlobalSection(ProjectConfigurationPlatforms) = postSolution
		{9E68A691-C815-42A0-89C0-FF8120645410}.Debug|Any CPU.ActiveCfg = Debug|Any CPU
		{9E68A691-C815-42A0-89C0-FF8120645410}.Debug|Any CPU.Build.0 = Debug|Any CPU
		{9E68A691-C815-42A0-89C0-FF8120645410}.Release|Any CPU.ActiveCfg = Release|Any CPU
		{9E68A691-C815-42A0-89C0-FF8120645410}.Release|Any CPU.Build.0 = Release|Any CPU
	EndGlobalSection
	GlobalSection(SolutionProperties) = preSolution
		HideSolutionNode = FALSE
	EndGlobalSection
	GlobalSection(ExtensibilityGlobals) = postSolution
		SolutionGuid = {6F170383-66A1-4587-88EC-9DC6D8A28EFF}
	EndGlobalSection
EndGlobal
